// !$*UTF8*$!
{
	archiveVersion = 1;
	classes = {
	};
	objectVersion = 46;
	objects = {

/* Begin PBXBuildFile section */
		DD6CEA2F1BA742CC005E3319 /* AppDelegate.swift in Sources */ = {isa = PBXBuildFile; fileRef = DD6CEA2E1BA742CC005E3319 /* AppDelegate.swift */; };
		DD6CEA321BA742CC005E3319 /* CameraTeste.xcdatamodeld in Sources */ = {isa = PBXBuildFile; fileRef = DD6CEA301BA742CC005E3319 /* CameraTeste.xcdatamodeld */; };
		DD6CEA341BA742CC005E3319 /* ViewController.swift in Sources */ = {isa = PBXBuildFile; fileRef = DD6CEA331BA742CC005E3319 /* ViewController.swift */; };
		DD6CEA371BA742CC005E3319 /* Main.storyboard in Resources */ = {isa = PBXBuildFile; fileRef = DD6CEA351BA742CC005E3319 /* Main.storyboard */; };
		DD6CEA391BA742CC005E3319 /* Images.xcassets in Resources */ = {isa = PBXBuildFile; fileRef = DD6CEA381BA742CC005E3319 /* Images.xcassets */; };
		DD6CEA3C1BA742CC005E3319 /* LaunchScreen.xib in Resources */ = {isa = PBXBuildFile; fileRef = DD6CEA3A1BA742CC005E3319 /* LaunchScreen.xib */; };
		DD6CEA481BA742CC005E3319 /* CameraTesteTests.swift in Sources */ = {isa = PBXBuildFile; fileRef = DD6CEA471BA742CC005E3319 /* CameraTesteTests.swift */; };
/* End PBXBuildFile section */

/* Begin PBXContainerItemProxy section */
		DD6CEA421BA742CC005E3319 /* PBXContainerItemProxy */ = {
			isa = PBXContainerItemProxy;
			containerPortal = DD6CEA211BA742CC005E3319 /* Project object */;
			proxyType = 1;
			remoteGlobalIDString = DD6CEA281BA742CC005E3319;
			remoteInfo = CameraTeste;
		};
/* End PBXContainerItemProxy section */

/* Begin PBXFileReference section */
		DD6CEA291BA742CC005E3319 /* CameraTeste.app */ = {isa = PBXFileReference; explicitFileType = wrapper.application; includeInIndex = 0; path = CameraTeste.app; sourceTree = BUILT_PRODUCTS_DIR; };
		DD6CEA2D1BA742CC005E3319 /* Info.plist */ = {isa = PBXFileReference; lastKnownFileType = text.plist.xml; path = Info.plist; sourceTree = "<group>"; };
		DD6CEA2E1BA742CC005E3319 /* AppDelegate.swift */ = {isa = PBXFileReference; lastKnownFileType = sourcecode.swift; path = AppDelegate.swift; sourceTree = "<group>"; };
		DD6CEA311BA742CC005E3319 /* CameraTeste.xcdatamodel */ = {isa = PBXFileReference; lastKnownFileType = wrapper.xcdatamodel; path = CameraTeste.xcdatamodel; sourceTree = "<group>"; };
		DD6CEA331BA742CC005E3319 /* ViewController.swift */ = {isa = PBXFileReference; lastKnownFileType = sourcecode.swift; path = ViewController.swift; sourceTree = "<group>"; };
		DD6CEA361BA742CC005E3319 /* Base */ = {isa = PBXFileReference; lastKnownFileType = file.storyboard; name = Base; path = Base.lproj/Main.storyboard; sourceTree = "<group>"; };
		DD6CEA381BA742CC005E3319 /* Images.xcassets */ = {isa = PBXFileReference; lastKnownFileType = folder.assetcatalog; path = Images.xcassets; sourceTree = "<group>"; };
		DD6CEA3B1BA742CC005E3319 /* Base */ = {isa = PBXFileReference; lastKnownFileType = file.xib; name = Base; path = Base.lproj/LaunchScreen.xib; sourceTree = "<group>"; };
		DD6CEA411BA742CC005E3319 /* CameraTesteTests.xctest */ = {isa = PBXFileReference; explicitFileType = wrapper.cfbundle; includeInIndex = 0; path = CameraTesteTests.xctest; sourceTree = BUILT_PRODUCTS_DIR; };
		DD6CEA461BA742CC005E3319 /* Info.plist */ = {isa = PBXFileReference; lastKnownFileType = text.plist.xml; path = Info.plist; sourceTree = "<group>"; };
		DD6CEA471BA742CC005E3319 /* CameraTesteTests.swift */ = {isa = PBXFileReference; lastKnownFileType = sourcecode.swift; path = CameraTesteTests.swift; sourceTree = "<group>"; };
/* End PBXFileReference section */

/* Begin PBXFrameworksBuildPhase section */
		DD6CEA261BA742CC005E3319 /* Frameworks */ = {
			isa = PBXFrameworksBuildPhase;
			buildActionMask = 2147483647;
			files = (
			);
			runOnlyForDeploymentPostprocessing = 0;
		};
		DD6CEA3E1BA742CC005E3319 /* Frameworks */ = {
			isa = PBXFrameworksBuildPhase;
			buildActionMask = 2147483647;
			files = (
			);
			runOnlyForDeploymentPostprocessing = 0;
		};
/* End PBXFrameworksBuildPhase section */

/* Begin PBXGroup section */
		DD6CEA201BA742CC005E3319 = {
			isa = PBXGroup;
			children = (
				DD6CEA2B1BA742CC005E3319 /* CameraTeste */,
				DD6CEA441BA742CC005E3319 /* CameraTesteTests */,
				DD6CEA2A1BA742CC005E3319 /* Products */,
			);
			sourceTree = "<group>";
		};
		DD6CEA2A1BA742CC005E3319 /* Products */ = {
			isa = PBXGroup;
			children = (
				DD6CEA291BA742CC005E3319 /* CameraTeste.app */,
				DD6CEA411BA742CC005E3319 /* CameraTesteTests.xctest */,
			);
			name = Products;
			sourceTree = "<group>";
		};
		DD6CEA2B1BA742CC005E3319 /* CameraTeste */ = {
			isa = PBXGroup;
			children = (
				DD6CEA2E1BA742CC005E3319 /* AppDelegate.swift */,
				DD6CEA331BA742CC005E3319 /* ViewController.swift */,
				DD6CEA351BA742CC005E3319 /* Main.storyboard */,
				DD6CEA381BA742CC005E3319 /* Images.xcassets */,
				DD6CEA3A1BA742CC005E3319 /* LaunchScreen.xib */,
				DD6CEA301BA742CC005E3319 /* CameraTeste.xcdatamodeld */,
				DD6CEA2C1BA742CC005E3319 /* Supporting Files */,
			);
			path = CameraTeste;
			sourceTree = "<group>";
		};
		DD6CEA2C1BA742CC005E3319 /* Supporting Files */ = {
			isa = PBXGroup;
			children = (
				DD6CEA2D1BA742CC005E3319 /* Info.plist */,
			);
			name = "Supporting Files";
			sourceTree = "<group>";
		};
		DD6CEA441BA742CC005E3319 /* CameraTesteTests */ = {
			isa = PBXGroup;
			children = (
				DD6CEA471BA742CC005E3319 /* CameraTesteTests.swift */,
				DD6CEA451BA742CC005E3319 /* Supporting Files */,
			);
			path = CameraTesteTests;
			sourceTree = "<group>";
		};
		DD6CEA451BA742CC005E3319 /* Supporting Files */ = {
			isa = PBXGroup;
			children = (
				DD6CEA461BA742CC005E3319 /* Info.plist */,
			);
			name = "Supporting Files";
			sourceTree = "<group>";
		};
/* End PBXGroup section */

/* Begin PBXNativeTarget section */
		DD6CEA281BA742CC005E3319 /* CameraTeste */ = {
			isa = PBXNativeTarget;
			buildConfigurationList = DD6CEA4B1BA742CC005E3319 /* Build configuration list for PBXNativeTarget "CameraTeste" */;
			buildPhases = (
				DD6CEA251BA742CC005E3319 /* Sources */,
				DD6CEA261BA742CC005E3319 /* Frameworks */,
				DD6CEA271BA742CC005E3319 /* Resources */,
			);
			buildRules = (
			);
			dependencies = (
			);
			name = CameraTeste;
			productName = CameraTeste;
			productReference = DD6CEA291BA742CC005E3319 /* CameraTeste.app */;
			productType = "com.apple.product-type.application";
		};
		DD6CEA401BA742CC005E3319 /* CameraTesteTests */ = {
			isa = PBXNativeTarget;
			buildConfigurationList = DD6CEA4E1BA742CC005E3319 /* Build configuration list for PBXNativeTarget "CameraTesteTests" */;
			buildPhases = (
				DD6CEA3D1BA742CC005E3319 /* Sources */,
				DD6CEA3E1BA742CC005E3319 /* Frameworks */,
				DD6CEA3F1BA742CC005E3319 /* Resources */,
			);
			buildRules = (
			);
			dependencies = (
				DD6CEA431BA742CC005E3319 /* PBXTargetDependency */,
			);
			name = CameraTesteTests;
			productName = CameraTesteTests;
			productReference = DD6CEA411BA742CC005E3319 /* CameraTesteTests.xctest */;
			productType = "com.apple.product-type.bundle.unit-test";
		};
/* End PBXNativeTarget section */

/* Begin PBXProject section */
		DD6CEA211BA742CC005E3319 /* Project object */ = {
			isa = PBXProject;
			attributes = {
				LastUpgradeCheck = 0640;
				ORGANIZATIONNAME = "Matheus Amancio Seixeiro";
				TargetAttributes = {
					DD6CEA281BA742CC005E3319 = {
						CreatedOnToolsVersion = 6.4;
					};
					DD6CEA401BA742CC005E3319 = {
						CreatedOnToolsVersion = 6.4;
						TestTargetID = DD6CEA281BA742CC005E3319;
					};
				};
			};
			buildConfigurationList = DD6CEA241BA742CC005E3319 /* Build configuration list for PBXProject "CameraTeste" */;
			compatibilityVersion = "Xcode 3.2";
			developmentRegion = English;
			hasScannedForEncodings = 0;
			knownRegions = (
				en,
				Base,
			);
			mainGroup = DD6CEA201BA742CC005E3319;
			productRefGroup = DD6CEA2A1BA742CC005E3319 /* Products */;
			projectDirPath = "";
			projectRoot = "";
			targets = (
				DD6CEA281BA742CC005E3319 /* CameraTeste */,
				DD6CEA401BA742CC005E3319 /* CameraTesteTests */,
			);
		};
/* End PBXProject section */

/* Begin PBXResourcesBuildPhase section */
		DD6CEA271BA742CC005E3319 /* Resources */ = {
			isa = PBXResourcesBuildPhase;
			buildActionMask = 2147483647;
			files = (
				DD6CEA371BA742CC005E3319 /* Main.storyboard in Resources */,
				DD6CEA3C1BA742CC005E3319 /* LaunchScreen.xib in Resources */,
				DD6CEA391BA742CC005E3319 /* Images.xcassets in Resources */,
			);
			runOnlyForDeploymentPostprocessing = 0;
		};
		DD6CEA3F1BA742CC005E3319 /* Resources */ = {
			isa = PBXResourcesBuildPhase;
			buildActionMask = 2147483647;
			files = (
			);
			runOnlyForDeploymentPostprocessing = 0;
		};
/* End PBXResourcesBuildPhase section */

/* Begin PBXSourcesBuildPhase section */
		DD6CEA251BA742CC005E3319 /* Sources */ = {
			isa = PBXSourcesBuildPhase;
			buildActionMask = 2147483647;
			files = (
				DD6CEA341BA742CC005E3319 /* ViewController.swift in Sources */,
				DD6CEA321BA742CC005E3319 /* CameraTeste.xcdatamodeld in Sources */,
				DD6CEA2F1BA742CC005E3319 /* AppDelegate.swift in Sources */,
			);
			runOnlyForDeploymentPostprocessing = 0;
		};
		DD6CEA3D1BA742CC005E3319 /* Sources */ = {
			isa = PBXSourcesBuildPhase;
			buildActionMask = 2147483647;
			files = (
				DD6CEA481BA742CC005E3319 /* CameraTesteTests.swift in Sources */,
			);
			runOnlyForDeploymentPostprocessing = 0;
		};
/* End PBXSourcesBuildPhase section */

/* Begin PBXTargetDependency section */
		DD6CEA431BA742CC005E3319 /* PBXTargetDependency */ = {
			isa = PBXTargetDependency;
			target = DD6CEA281BA742CC005E3319 /* CameraTeste */;
			targetProxy = DD6CEA421BA742CC005E3319 /* PBXContainerItemProxy */;
		};
/* End PBXTargetDependency section */

/* Begin PBXVariantGroup section */
		DD6CEA351BA742CC005E3319 /* Main.storyboard */ = {
			isa = PBXVariantGroup;
			children = (
				DD6CEA361BA742CC005E3319 /* Base */,
			);
			name = Main.storyboard;
			sourceTree = "<group>";
		};
		DD6CEA3A1BA742CC005E3319 /* LaunchScreen.xib */ = {
			isa = PBXVariantGroup;
			children = (
				DD6CEA3B1BA742CC005E3319 /* Base */,
			);
			name = LaunchScreen.xib;
			sourceTree = "<group>";
		};
/* End PBXVariantGroup section */

/* Begin XCBuildConfiguration section */
		DD6CEA491BA742CC005E3319 /* Debug */ = {
			isa = XCBuildConfiguration;
			buildSettings = {
				ALWAYS_SEARCH_USER_PATHS = NO;
				CLANG_CXX_LANGUAGE_STANDARD = "gnu++0x";
				CLANG_CXX_LIBRARY = "libc++";
				CLANG_ENABLE_MODULES = YES;
				CLANG_ENABLE_OBJC_ARC = YES;
				CLANG_WARN_BOOL_CONVERSION = YES;
				CLANG_WARN_CONSTANT_CONVERSION = YES;
				CLANG_WARN_DIRECT_OBJC_ISA_USAGE = YES_ERROR;
				CLANG_WARN_EMPTY_BODY = YES;
				CLANG_WARN_ENUM_CONVERSION = YES;
				CLANG_WARN_INT_CONVERSION = YES;
				CLANG_WARN_OBJC_ROOT_CLASS = YES_ERROR;
				CLANG_WARN_UNREACHABLE_CODE = YES;
				CLANG_WARN__DUPLICATE_METHOD_MATCH = YES;
				"CODE_SIGN_IDENTITY[sdk=iphoneos*]" = "iPhone Developer";
				COPY_PHASE_STRIP = NO;
				DEBUG_INFORMATION_FORMAT = "dwarf-with-dsym";
				ENABLE_STRICT_OBJC_MSGSEND = YES;
				GCC_C_LANGUAGE_STANDARD = gnu99;
				GCC_DYNAMIC_NO_PIC = NO;
				GCC_NO_COMMON_BLOCKS = YES;
				GCC_OPTIMIZATION_LEVEL = 0;
				GCC_PREPROCESSOR_DEFINITIONS = (
					"DEBUG=1",
					"$(inherited)",
				);
				GCC_SYMBOLS_PRIVATE_EXTERN = NO;
				GCC_WARN_64_TO_32_BIT_CONVERSION = YES;
				GCC_WARN_ABOUT_RETURN_TYPE = YES_ERROR;
				GCC_WARN_UNDECLARED_SELECTOR = YES;
				GCC_WARN_UNINITIALIZED_AUTOS = YES_AGGRESSIVE;
				GCC_WARN_UNUSED_FUNCTION = YES;
				GCC_WARN_UNUSED_VARIABLE = YES;
				IPHONEOS_DEPLOYMENT_TARGET = 8.4;
				MTL_ENABLE_DEBUG_INFO = YES;
				ONLY_ACTIVE_ARCH = YES;
				SDKROOT = iphoneos;
				SWIFT_OPTIMIZATION_LEVEL = "-Onone";
				TARGETED_DEVICE_FAMILY = "1,2";
			};
			name = Debug;
		};
		DD6CEA4A1BA742CC005E3319 /* Release */ = {
			isa = XCBuildConfiguration;
			buildSettings = {
				ALWAYS_SEARCH_USER_PATHS = NO;
				CLANG_CXX_LANGUAGE_STANDARD = "gnu++0x";
				CLANG_CXX_LIBRARY = "libc++";
				CLANG_ENABLE_MODULES = YES;
				CLANG_ENABLE_OBJC_ARC = YES;
				CLANG_WARN_BOOL_CONVERSION = YES;
				CLANG_WARN_CONSTANT_CONVERSION = YES;
				CLANG_WARN_DIRECT_OBJC_ISA_USAGE = YES_ERROR;
				CLANG_WARN_EMPTY_BODY = YES;
				CLANG_WARN_ENUM_CONVERSION = YES;
				CLANG_WARN_INT_CONVERSION = YES;
				CLANG_WARN_OBJC_ROOT_CLASS = YES_ERROR;
				CLANG_WARN_UNREACHABLE_CODE = YES;
				CLANG_WARN__DUPLICATE_METHOD_MATCH = YES;
				"CODE_SIGN_IDENTITY[sdk=iphoneos*]" = "iPhone Developer";
				COPY_PHASE_STRIP = NO;
				DEBUG_INFORMATION_FORMAT = "dwarf-with-dsym";
				ENABLE_NS_ASSERTIONS = NO;
				ENABLE_STRICT_OBJC_MSGSEND = YES;
				GCC_C_LANGUAGE_STANDARD = gnu99;
				GCC_NO_COMMON_BLOCKS = YES;
				GCC_WARN_64_TO_32_BIT_CONVERSION = YES;
				GCC_WARN_ABOUT_RETURN_TYPE = YES_ERROR;
				GCC_WARN_UNDECLARED_SELECTOR = YES;
				GCC_WARN_UNINITIALIZED_AUTOS = YES_AGGRESSIVE;
				GCC_WARN_UNUSED_FUNCTION = YES;
				GCC_WARN_UNUSED_VARIABLE = YES;
				IPHONEOS_DEPLOYMENT_TARGET = 8.4;
				MTL_ENABLE_DEBUG_INFO = NO;
				SDKROOT = iphoneos;
				TARGETED_DEVICE_FAMILY = "1,2";
				VALIDATE_PRODUCT = YES;
			};
			name = Release;
		};
		DD6CEA4C1BA742CC005E3319 /* Debug */ = {
			isa = XCBuildConfiguration;
			buildSettings = {
				ASSETCATALOG_COMPILER_APPICON_NAME = AppIcon;
				INFOPLIST_FILE = CameraTeste/Info.plist;
				LD_RUNPATH_SEARCH_PATHS = "$(inherited) @executable_path/Frameworks";
				PRODUCT_NAME = "$(TARGET_NAME)";
			};
			name = Debug;
		};
		DD6CEA4D1BA742CC005E3319 /* Release */ = {
			isa = XCBuildConfiguration;
			buildSettings = {
				ASSETCATALOG_COMPILER_APPICON_NAME = AppIcon;
				INFOPLIST_FILE = CameraTeste/Info.plist;
				LD_RUNPATH_SEARCH_PATHS = "$(inherited) @executable_path/Frameworks";
				PRODUCT_NAME = "$(TARGET_NAME)";
			};
			name = Release;
		};
		DD6CEA4F1BA742CC005E3319 /* Debug */ = {
			isa = XCBuildConfiguration;
			buildSettings = {
				BUNDLE_LOADER = "$(TEST_HOST)";
				FRAMEWORK_SEARCH_PATHS = (
					"$(SDKROOT)/Developer/Library/Frameworks",
					"$(inherited)",
				);
				GCC_PREPROCESSOR_DEFINITIONS = (
					"DEBUG=1",
					"$(inherited)",
				);
				INFOPLIST_FILE = CameraTesteTests/Info.plist;
				LD_RUNPATH_SEARCH_PATHS = "$(inherited) @executable_path/Frameworks @loader_path/Frameworks";
				PRODUCT_NAME = "$(TARGET_NAME)";
				TEST_HOST = "$(BUILT_PRODUCTS_DIR)/CameraTeste.app/CameraTeste";
			};
			name = Debug;
		};
		DD6CEA501BA742CC005E3319 /* Release */ = {
			isa = XCBuildConfiguration;
			buildSettings = {
				BUNDLE_LOADER = "$(TEST_HOST)";
				FRAMEWORK_SEARCH_PATHS = (
					"$(SDKROOT)/Developer/Library/Frameworks",
					"$(inherited)",
				);
				INFOPLIST_FILE = CameraTesteTests/Info.plist;
				LD_RUNPATH_SEARCH_PATHS = "$(inherited) @executable_path/Frameworks @loader_path/Frameworks";
				PRODUCT_NAME = "$(TARGET_NAME)";
				TEST_HOST = "$(BUILT_PRODUCTS_DIR)/CameraTeste.app/CameraTeste";
			};
			name = Release;
		};
/* End XCBuildConfiguration section */

/* Begin XCConfigurationList section */
		DD6CEA241BA742CC005E3319 /* Build configuration list for PBXProject "CameraTeste" */ = {
			isa = XCConfigurationList;
			buildConfigurations = (
				DD6CEA491BA742CC005E3319 /* Debug */,
				DD6CEA4A1BA742CC005E3319 /* Release */,
			);
			defaultConfigurationIsVisible = 0;
			defaultConfigurationName = Release;
		};
		DD6CEA4B1BA742CC005E3319 /* Build configuration list for PBXNativeTarget "CameraTeste" */ = {
			isa = XCConfigurationList;
			buildConfigurations = (
				DD6CEA4C1BA742CC005E3319 /* Debug */,
				DD6CEA4D1BA742CC005E3319 /* Release */,
			);
			defaultConfigurationIsVisible = 0;
		};
		DD6CEA4E1BA742CC005E3319 /* Build configuration list for PBXNativeTarget "CameraTesteTests" */ = {
			isa = XCConfigurationList;
			buildConfigurations = (
				DD6CEA4F1BA742CC005E3319 /* Debug */,
				DD6CEA501BA742CC005E3319 /* Release */,
			);
			defaultConfigurationIsVisible = 0;
		};
/* End XCConfigurationList section */

/* Begin XCVersionGroup section */
		DD6CEA301BA742CC005E3319 /* CameraTeste.xcdatamodeld */ = {
			isa = XCVersionGroup;
			children = (
				DD6CEA311BA742CC005E3319 /* CameraTeste.xcdatamodel */,
			);
			currentVersion = DD6CEA311BA742CC005E3319 /* CameraTeste.xcdatamodel */;
			path = CameraTeste.xcdatamodeld;
			sourceTree = "<group>";
			versionGroupType = wrapper.xcdatamodel;
		};
/* End XCVersionGroup section */
	};
	rootObject = DD6CEA211BA742CC005E3319 /* Project object */;
}
